// !$*UTF8*$!
{
	archiveVersion = 1;
	classes = {
	};
	objectVersion = 50;
	objects = {

/* Begin PBXBuildFile section */
		BBED0C7824D5604800804AC1 /* AppDelegate.swift in Sources */ = {isa = PBXBuildFile; fileRef = BBED0C7724D5604800804AC1 /* AppDelegate.swift */; };
		BBED0C7A24D5604800804AC1 /* SceneDelegate.swift in Sources */ = {isa = PBXBuildFile; fileRef = BBED0C7924D5604800804AC1 /* SceneDelegate.swift */; };
		BBED0C7C24D5604800804AC1 /* EmojiMemoryGameView.swift in Sources */ = {isa = PBXBuildFile; fileRef = BBED0C7B24D5604800804AC1 /* EmojiMemoryGameView.swift */; };
		BBED0C7E24D5604900804AC1 /* Assets.xcassets in Resources */ = {isa = PBXBuildFile; fileRef = BBED0C7D24D5604900804AC1 /* Assets.xcassets */; };
		BBED0C8124D5604900804AC1 /* Preview Assets.xcassets in Resources */ = {isa = PBXBuildFile; fileRef = BBED0C8024D5604900804AC1 /* Preview Assets.xcassets */; };
		BBED0C8424D5604900804AC1 /* LaunchScreen.storyboard in Resources */ = {isa = PBXBuildFile; fileRef = BBED0C8224D5604900804AC1 /* LaunchScreen.storyboard */; };
		BBED0C8F24D560D000804AC1 /* MemoryGame.swift in Sources */ = {isa = PBXBuildFile; fileRef = BBED0C8E24D560D000804AC1 /* MemoryGame.swift */; };
		BBED0C9124D560E500804AC1 /* EmojiMemoryGame.swift in Sources */ = {isa = PBXBuildFile; fileRef = BBED0C9024D560E500804AC1 /* EmojiMemoryGame.swift */; };
		BBF3792724DE6D860089FACA /* Array+Identifiable.swift in Sources */ = {isa = PBXBuildFile; fileRef = BBF3792624DE6D860089FACA /* Array+Identifiable.swift */; };
		BBF3792924DE73880089FACA /* GridLayout.swift in Sources */ = {isa = PBXBuildFile; fileRef = BBF3792824DE73880089FACA /* GridLayout.swift */; };
		BBF3792B24DE74050089FACA /* Grid.swift in Sources */ = {isa = PBXBuildFile; fileRef = BBF3792A24DE74050089FACA /* Grid.swift */; };
		BBF3792D24DE7EBB0089FACA /* Array+Only.swift in Sources */ = {isa = PBXBuildFile; fileRef = BBF3792C24DE7EBB0089FACA /* Array+Only.swift */; };
		BBF3792F24DE7FB80089FACA /* EmojiTheme.swift in Sources */ = {isa = PBXBuildFile; fileRef = BBF3792E24DE7FB80089FACA /* EmojiTheme.swift */; };
/* End PBXBuildFile section */

/* Begin PBXFileReference section */
		BBED0C7424D5604800804AC1 /* Memories.app */ = {isa = PBXFileReference; explicitFileType = wrapper.application; includeInIndex = 0; path = Memories.app; sourceTree = BUILT_PRODUCTS_DIR; };
		BBED0C7724D5604800804AC1 /* AppDelegate.swift */ = {isa = PBXFileReference; lastKnownFileType = sourcecode.swift; path = AppDelegate.swift; sourceTree = "<group>"; };
		BBED0C7924D5604800804AC1 /* SceneDelegate.swift */ = {isa = PBXFileReference; lastKnownFileType = sourcecode.swift; path = SceneDelegate.swift; sourceTree = "<group>"; };
		BBED0C7B24D5604800804AC1 /* EmojiMemoryGameView.swift */ = {isa = PBXFileReference; lastKnownFileType = sourcecode.swift; path = EmojiMemoryGameView.swift; sourceTree = "<group>"; };
		BBED0C7D24D5604900804AC1 /* Assets.xcassets */ = {isa = PBXFileReference; lastKnownFileType = folder.assetcatalog; path = Assets.xcassets; sourceTree = "<group>"; };
		BBED0C8024D5604900804AC1 /* Preview Assets.xcassets */ = {isa = PBXFileReference; lastKnownFileType = folder.assetcatalog; path = "Preview Assets.xcassets"; sourceTree = "<group>"; };
		BBED0C8324D5604900804AC1 /* Base */ = {isa = PBXFileReference; lastKnownFileType = file.storyboard; name = Base; path = Base.lproj/LaunchScreen.storyboard; sourceTree = "<group>"; };
		BBED0C8524D5604900804AC1 /* Info.plist */ = {isa = PBXFileReference; lastKnownFileType = text.plist.xml; path = Info.plist; sourceTree = "<group>"; };
		BBED0C8E24D560D000804AC1 /* MemoryGame.swift */ = {isa = PBXFileReference; lastKnownFileType = sourcecode.swift; path = MemoryGame.swift; sourceTree = "<group>"; };
		BBED0C9024D560E500804AC1 /* EmojiMemoryGame.swift */ = {isa = PBXFileReference; lastKnownFileType = sourcecode.swift; path = EmojiMemoryGame.swift; sourceTree = "<group>"; };
		BBF3792624DE6D860089FACA /* Array+Identifiable.swift */ = {isa = PBXFileReference; lastKnownFileType = sourcecode.swift; path = "Array+Identifiable.swift"; sourceTree = "<group>"; };
		BBF3792824DE73880089FACA /* GridLayout.swift */ = {isa = PBXFileReference; fileEncoding = 4; lastKnownFileType = sourcecode.swift; path = GridLayout.swift; sourceTree = "<group>"; };
		BBF3792A24DE74050089FACA /* Grid.swift */ = {isa = PBXFileReference; lastKnownFileType = sourcecode.swift; path = Grid.swift; sourceTree = "<group>"; };
		BBF3792C24DE7EBB0089FACA /* Array+Only.swift */ = {isa = PBXFileReference; lastKnownFileType = sourcecode.swift; path = "Array+Only.swift"; sourceTree = "<group>"; };
		BBF3792E24DE7FB80089FACA /* EmojiTheme.swift */ = {isa = PBXFileReference; lastKnownFileType = sourcecode.swift; path = EmojiTheme.swift; sourceTree = "<group>"; };
/* End PBXFileReference section */

/* Begin PBXFrameworksBuildPhase section */
		BBED0C7124D5604800804AC1 /* Frameworks */ = {
			isa = PBXFrameworksBuildPhase;
			buildActionMask = 2147483647;
			files = (
			);
			runOnlyForDeploymentPostprocessing = 0;
		};
/* End PBXFrameworksBuildPhase section */

/* Begin PBXGroup section */
		BBED0C6B24D5604800804AC1 = {
			isa = PBXGroup;
			children = (
				BBED0C7624D5604800804AC1 /* Memories */,
				BBED0C7524D5604800804AC1 /* Products */,
			);
			sourceTree = "<group>";
		};
		BBED0C7524D5604800804AC1 /* Products */ = {
			isa = PBXGroup;
			children = (
				BBED0C7424D5604800804AC1 /* Memories.app */,
			);
			name = Products;
			sourceTree = "<group>";
		};
		BBED0C7624D5604800804AC1 /* Memories */ = {
			isa = PBXGroup;
			children = (
				BBED0C7724D5604800804AC1 /* AppDelegate.swift */,
				BBED0C7924D5604800804AC1 /* SceneDelegate.swift */,
				BBED0C8B24D5608B00804AC1 /* View */,
				BBED0C8C24D5609300804AC1 /* Model */,
				BBED0C8D24D560A300804AC1 /* ViewModel */,
				BBED0C7D24D5604900804AC1 /* Assets.xcassets */,
				BBED0C8224D5604900804AC1 /* LaunchScreen.storyboard */,
				BBED0C8524D5604900804AC1 /* Info.plist */,
				BBED0C7F24D5604900804AC1 /* Preview Content */,
			);
			path = Memories;
			sourceTree = "<group>";
		};
		BBED0C7F24D5604900804AC1 /* Preview Content */ = {
			isa = PBXGroup;
			children = (
				BBED0C8024D5604900804AC1 /* Preview Assets.xcassets */,
			);
			path = "Preview Content";
			sourceTree = "<group>";
		};
		BBED0C8B24D5608B00804AC1 /* View */ = {
			isa = PBXGroup;
			children = (
				BBED0C7B24D5604800804AC1 /* EmojiMemoryGameView.swift */,
				BBF3792A24DE74050089FACA /* Grid.swift */,
				BBF3792824DE73880089FACA /* GridLayout.swift */,
			);
			path = View;
			sourceTree = "<group>";
		};
		BBED0C8C24D5609300804AC1 /* Model */ = {
			isa = PBXGroup;
			children = (
				BBED0C8E24D560D000804AC1 /* MemoryGame.swift */,
				BBF3792C24DE7EBB0089FACA /* Array+Only.swift */,
				BBF3792624DE6D860089FACA /* Array+Identifiable.swift */,
			);
			path = Model;
			sourceTree = "<group>";
		};
		BBED0C8D24D560A300804AC1 /* ViewModel */ = {
			isa = PBXGroup;
			children = (
				BBED0C9024D560E500804AC1 /* EmojiMemoryGame.swift */,
				BBF3792E24DE7FB80089FACA /* EmojiTheme.swift */,
			);
			path = ViewModel;
			sourceTree = "<group>";
		};
/* End PBXGroup section */

/* Begin PBXNativeTarget section */
		BBED0C7324D5604800804AC1 /* Memories */ = {
			isa = PBXNativeTarget;
			buildConfigurationList = BBED0C8824D5604900804AC1 /* Build configuration list for PBXNativeTarget "Memories" */;
			buildPhases = (
				BBED0C7024D5604800804AC1 /* Sources */,
				BBED0C7124D5604800804AC1 /* Frameworks */,
				BBED0C7224D5604800804AC1 /* Resources */,
			);
			buildRules = (
			);
			dependencies = (
			);
			name = Memories;
			productName = Memories;
			productReference = BBED0C7424D5604800804AC1 /* Memories.app */;
			productType = "com.apple.product-type.application";
		};
/* End PBXNativeTarget section */

/* Begin PBXProject section */
		BBED0C6C24D5604800804AC1 /* Project object */ = {
			isa = PBXProject;
			attributes = {
				LastSwiftUpdateCheck = 1160;
				LastUpgradeCheck = 1160;
				ORGANIZATIONNAME = "Devang Pawar";
				TargetAttributes = {
					BBED0C7324D5604800804AC1 = {
						CreatedOnToolsVersion = 11.6;
					};
				};
			};
			buildConfigurationList = BBED0C6F24D5604800804AC1 /* Build configuration list for PBXProject "Memories" */;
			compatibilityVersion = "Xcode 9.3";
			developmentRegion = en;
			hasScannedForEncodings = 0;
			knownRegions = (
				en,
				Base,
			);
			mainGroup = BBED0C6B24D5604800804AC1;
			productRefGroup = BBED0C7524D5604800804AC1 /* Products */;
			projectDirPath = "";
			projectRoot = "";
			targets = (
				BBED0C7324D5604800804AC1 /* Memories */,
			);
		};
/* End PBXProject section */

/* Begin PBXResourcesBuildPhase section */
		BBED0C7224D5604800804AC1 /* Resources */ = {
			isa = PBXResourcesBuildPhase;
			buildActionMask = 2147483647;
			files = (
				BBED0C8424D5604900804AC1 /* LaunchScreen.storyboard in Resources */,
				BBED0C8124D5604900804AC1 /* Preview Assets.xcassets in Resources */,
				BBED0C7E24D5604900804AC1 /* Assets.xcassets in Resources */,
			);
			runOnlyForDeploymentPostprocessing = 0;
		};
/* End PBXResourcesBuildPhase section */

/* Begin PBXSourcesBuildPhase section */
		BBED0C7024D5604800804AC1 /* Sources */ = {
			isa = PBXSourcesBuildPhase;
			buildActionMask = 2147483647;
			files = (
				BBED0C7824D5604800804AC1 /* AppDelegate.swift in Sources */,
				BBED0C7A24D5604800804AC1 /* SceneDelegate.swift in Sources */,
				BBED0C8F24D560D000804AC1 /* MemoryGame.swift in Sources */,
				BBF3792D24DE7EBB0089FACA /* Array+Only.swift in Sources */,
				BBF3792B24DE74050089FACA /* Grid.swift in Sources */,
				BBED0C7C24D5604800804AC1 /* EmojiMemoryGameView.swift in Sources */,
				BBED0C9124D560E500804AC1 /* EmojiMemoryGame.swift in Sources */,
				BBF3792F24DE7FB80089FACA /* EmojiTheme.swift in Sources */,
				BBF3792924DE73880089FACA /* GridLayout.swift in Sources */,
				BBF3792724DE6D860089FACA /* Array+Identifiable.swift in Sources */,
			);
			runOnlyForDeploymentPostprocessing = 0;
		};
/* End PBXSourcesBuildPhase section */

/* Begin PBXVariantGroup section */
		BBED0C8224D5604900804AC1 /* LaunchScreen.storyboard */ = {
			isa = PBXVariantGroup;
			children = (
				BBED0C8324D5604900804AC1 /* Base */,
			);
			name = LaunchScreen.storyboard;
			sourceTree = "<group>";
		};
/* End PBXVariantGroup section */

/* Begin XCBuildConfiguration section */
		BBED0C8624D5604900804AC1 /* Debug */ = {
			isa = XCBuildConfiguration;
			buildSettings = {
				ALWAYS_SEARCH_USER_PATHS = NO;
				CLANG_ANALYZER_NONNULL = YES;
				CLANG_ANALYZER_NUMBER_OBJECT_CONVERSION = YES_AGGRESSIVE;
				CLANG_CXX_LANGUAGE_STANDARD = "gnu++14";
				CLANG_CXX_LIBRARY = "libc++";
				CLANG_ENABLE_MODULES = YES;
				CLANG_ENABLE_OBJC_ARC = YES;
				CLANG_ENABLE_OBJC_WEAK = YES;
				CLANG_WARN_BLOCK_CAPTURE_AUTORELEASING = YES;
				CLANG_WARN_BOOL_CONVERSION = YES;
				CLANG_WARN_COMMA = YES;
				CLANG_WARN_CONSTANT_CONVERSION = YES;
				CLANG_WARN_DEPRECATED_OBJC_IMPLEMENTATIONS = YES;
				CLANG_WARN_DIRECT_OBJC_ISA_USAGE = YES_ERROR;
				CLANG_WARN_DOCUMENTATION_COMMENTS = YES;
				CLANG_WARN_EMPTY_BODY = YES;
				CLANG_WARN_ENUM_CONVERSION = YES;
				CLANG_WARN_INFINITE_RECURSION = YES;
				CLANG_WARN_INT_CONVERSION = YES;
				CLANG_WARN_NON_LITERAL_NULL_CONVERSION = YES;
				CLANG_WARN_OBJC_IMPLICIT_RETAIN_SELF = YES;
				CLANG_WARN_OBJC_LITERAL_CONVERSION = YES;
				CLANG_WARN_OBJC_ROOT_CLASS = YES_ERROR;
				CLANG_WARN_RANGE_LOOP_ANALYSIS = YES;
				CLANG_WARN_STRICT_PROTOTYPES = YES;
				CLANG_WARN_SUSPICIOUS_MOVE = YES;
				CLANG_WARN_UNGUARDED_AVAILABILITY = YES_AGGRESSIVE;
				CLANG_WARN_UNREACHABLE_CODE = YES;
				CLANG_WARN__DUPLICATE_METHOD_MATCH = YES;
				COPY_PHASE_STRIP = NO;
				DEBUG_INFORMATION_FORMAT = dwarf;
				ENABLE_STRICT_OBJC_MSGSEND = YES;
				ENABLE_TESTABILITY = YES;
				GCC_C_LANGUAGE_STANDARD = gnu11;
				GCC_DYNAMIC_NO_PIC = NO;
				GCC_NO_COMMON_BLOCKS = YES;
				GCC_OPTIMIZATION_LEVEL = 0;
				GCC_PREPROCESSOR_DEFINITIONS = (
					"DEBUG=1",
					"$(inherited)",
				);
				GCC_WARN_64_TO_32_BIT_CONVERSION = YES;
				GCC_WARN_ABOUT_RETURN_TYPE = YES_ERROR;
				GCC_WARN_UNDECLARED_SELECTOR = YES;
				GCC_WARN_UNINITIALIZED_AUTOS = YES_AGGRESSIVE;
				GCC_WARN_UNUSED_FUNCTION = YES;
				GCC_WARN_UNUSED_VARIABLE = YES;
				IPHONEOS_DEPLOYMENT_TARGET = 13.6;
				MTL_ENABLE_DEBUG_INFO = INCLUDE_SOURCE;
				MTL_FAST_MATH = YES;
				ONLY_ACTIVE_ARCH = YES;
				SDKROOT = iphoneos;
				SWIFT_ACTIVE_COMPILATION_CONDITIONS = DEBUG;
				SWIFT_OPTIMIZATION_LEVEL = "-Onone";
			};
			name = Debug;
		};
		BBED0C8724D5604900804AC1 /* Release */ = {
			isa = XCBuildConfiguration;
			buildSettings = {
				ALWAYS_SEARCH_USER_PATHS = NO;
				CLANG_ANALYZER_NONNULL = YES;
				CLANG_ANALYZER_NUMBER_OBJECT_CONVERSION = YES_AGGRESSIVE;
				CLANG_CXX_LANGUAGE_STANDARD = "gnu++14";
				CLANG_CXX_LIBRARY = "libc++";
				CLANG_ENABLE_MODULES = YES;
				CLANG_ENABLE_OBJC_ARC = YES;
				CLANG_ENABLE_OBJC_WEAK = YES;
				CLANG_WARN_BLOCK_CAPTURE_AUTORELEASING = YES;
				CLANG_WARN_BOOL_CONVERSION = YES;
				CLANG_WARN_COMMA = YES;
				CLANG_WARN_CONSTANT_CONVERSION = YES;
				CLANG_WARN_DEPRECATED_OBJC_IMPLEMENTATIONS = YES;
				CLANG_WARN_DIRECT_OBJC_ISA_USAGE = YES_ERROR;
				CLANG_WARN_DOCUMENTATION_COMMENTS = YES;
				CLANG_WARN_EMPTY_BODY = YES;
				CLANG_WARN_ENUM_CONVERSION = YES;
				CLANG_WARN_INFINITE_RECURSION = YES;
				CLANG_WARN_INT_CONVERSION = YES;
				CLANG_WARN_NON_LITERAL_NULL_CONVERSION = YES;
				CLANG_WARN_OBJC_IMPLICIT_RETAIN_SELF = YES;
				CLANG_WARN_OBJC_LITERAL_CONVERSION = YES;
				CLANG_WARN_OBJC_ROOT_CLASS = YES_ERROR;
				CLANG_WARN_RANGE_LOOP_ANALYSIS = YES;
				CLANG_WARN_STRICT_PROTOTYPES = YES;
				CLANG_WARN_SUSPICIOUS_MOVE = YES;
				CLANG_WARN_UNGUARDED_AVAILABILITY = YES_AGGRESSIVE;
				CLANG_WARN_UNREACHABLE_CODE = YES;
				CLANG_WARN__DUPLICATE_METHOD_MATCH = YES;
				COPY_PHASE_STRIP = NO;
				DEBUG_INFORMATION_FORMAT = "dwarf-with-dsym";
				ENABLE_NS_ASSERTIONS = NO;
				ENABLE_STRICT_OBJC_MSGSEND = YES;
				GCC_C_LANGUAGE_STANDARD = gnu11;
				GCC_NO_COMMON_BLOCKS = YES;
				GCC_WARN_64_TO_32_BIT_CONVERSION = YES;
				GCC_WARN_ABOUT_RETURN_TYPE = YES_ERROR;
				GCC_WARN_UNDECLARED_SELECTOR = YES;
				GCC_WARN_UNINITIALIZED_AUTOS = YES_AGGRESSIVE;
				GCC_WARN_UNUSED_FUNCTION = YES;
				GCC_WARN_UNUSED_VARIABLE = YES;
				IPHONEOS_DEPLOYMENT_TARGET = 13.6;
				MTL_ENABLE_DEBUG_INFO = NO;
				MTL_FAST_MATH = YES;
				SDKROOT = iphoneos;
				SWIFT_COMPILATION_MODE = wholemodule;
				SWIFT_OPTIMIZATION_LEVEL = "-O";
				VALIDATE_PRODUCT = YES;
			};
			name = Release;
		};
		BBED0C8924D5604900804AC1 /* Debug */ = {
			isa = XCBuildConfiguration;
			buildSettings = {
				ASSETCATALOG_COMPILER_APPICON_NAME = AppIcon;
				CODE_SIGN_STYLE = Automatic;
				DEVELOPMENT_ASSET_PATHS = "\"Memories/Preview Content\"";
				DEVELOPMENT_TEAM = 9Q82HQ8DCD;
				ENABLE_PREVIEWS = YES;
				INFOPLIST_FILE = Memories/Info.plist;
				LD_RUNPATH_SEARCH_PATHS = (
					"$(inherited)",
					"@executable_path/Frameworks",
				);
				PRODUCT_BUNDLE_IDENTIFIER = com.pawar.devang.Memories;
				PRODUCT_NAME = "$(TARGET_NAME)";
				SWIFT_VERSION = 5.0;
				TARGETED_DEVICE_FAMILY = "1,2";
			};
			name = Debug;
		};
		BBED0C8A24D5604900804AC1 /* Release */ = {
			isa = XCBuildConfiguration;
			buildSettings = {
				ASSETCATALOG_COMPILER_APPICON_NAME = AppIcon;
				CODE_SIGN_STYLE = Automatic;
				DEVELOPMENT_ASSET_PATHS = "\"Memories/Preview Content\"";
				DEVELOPMENT_TEAM = 9Q82HQ8DCD;
				ENABLE_PREVIEWS = YES;
				INFOPLIST_FILE = Memories/Info.plist;
				LD_RUNPATH_SEARCH_PATHS = (
					"$(inherited)",
					"@executable_path/Frameworks",
				);
				PRODUCT_BUNDLE_IDENTIFIER = com.pawar.devang.Memories;
				PRODUCT_NAME = "$(TARGET_NAME)";
				SWIFT_VERSION = 5.0;
				TARGETED_DEVICE_FAMILY = "1,2";
			};
			name = Release;
		};
/* End XCBuildConfiguration section */

/* Begin XCConfigurationList section */
		BBED0C6F24D5604800804AC1 /* Build configuration list for PBXProject "Memories" */ = {
			isa = XCConfigurationList;
			buildConfigurations = (
				BBED0C8624D5604900804AC1 /* Debug */,
				BBED0C8724D5604900804AC1 /* Release */,
			);
			defaultConfigurationIsVisible = 0;
			defaultConfigurationName = Release;
		};
		BBED0C8824D5604900804AC1 /* Build configuration list for PBXNativeTarget "Memories" */ = {
			isa = XCConfigurationList;
			buildConfigurations = (
				BBED0C8924D5604900804AC1 /* Debug */,
				BBED0C8A24D5604900804AC1 /* Release */,
			);
			defaultConfigurationIsVisible = 0;
			defaultConfigurationName = Release;
		};
/* End XCConfigurationList section */
	};
	rootObject = BBED0C6C24D5604800804AC1 /* Project object */;
}
